
Microsoft Visual Studio Solution File, Format Version 12.00
# Visual Studio Version 16
VisualStudioVersion = 16.0.30804.86
MinimumVisualStudioVersion = 10.0.40219.1
Project("{9A19103F-16F7-4668-BE54-9A1E7A4F7556}") = "Moksha", "Moksha\Moksha.csproj", "{9D22DC19-F7C8-434A-A0A0-233F5ABA74EF}"
EndProject
Project("{2150E333-8FDC-42A3-9474-1A3956D46DE8}") = "Tests", "Tests", "{CA765603-3597-48EE-A943-0F16870F0A0E}"
EndProject
Project("{FAE04EC0-301F-11D3-BF4B-00C04F79EFBC}") = "SampleClassTests", "SampleClassTests\SampleClassTests.csproj", "{EE96A57B-E57B-403C-84E8-8421399A2E47}"
EndProject
Global
	GlobalSection(SolutionConfigurationPlatforms) = preSolution
		Debug|Any CPU = Debug|Any CPU
		Release|Any CPU = Release|Any CPU
	EndGlobalSection
	GlobalSection(ProjectConfigurationPlatforms) = postSolution
		{9D22DC19-F7C8-434A-A0A0-233F5ABA74EF}.Debug|Any CPU.ActiveCfg = Debug|Any CPU
		{9D22DC19-F7C8-434A-A0A0-233F5ABA74EF}.Debug|Any CPU.Build.0 = Debug|Any CPU
		{9D22DC19-F7C8-434A-A0A0-233F5ABA74EF}.Release|Any CPU.ActiveCfg = Release|Any CPU
		{9D22DC19-F7C8-434A-A0A0-233F5ABA74EF}.Release|Any CPU.Build.0 = Release|Any CPU
		{EE96A57B-E57B-403C-84E8-8421399A2E47}.Debug|Any CPU.ActiveCfg = Debug|Any CPU
		{EE96A57B-E57B-403C-84E8-8421399A2E47}.Debug|Any CPU.Build.0 = Debug|Any CPU
		{EE96A57B-E57B-403C-84E8-8421399A2E47}.Release|Any CPU.ActiveCfg = Release|Any CPU
		{EE96A57B-E57B-403C-84E8-8421399A2E47}.Release|Any CPU.Build.0 = Release|Any CPU
	EndGlobalSection
	GlobalSection(SolutionProperties) = preSolution
		HideSolutionNode = FALSE
	EndGlobalSection
	GlobalSection(NestedProjects) = preSolution
		{EE96A57B-E57B-403C-84E8-8421399A2E47} = {CA765603-3597-48EE-A943-0F16870F0A0E}
	EndGlobalSection
	GlobalSection(ExtensibilityGlobals) = postSolution
		SolutionGuid = {95EDE1C1-2872-4117-8BA4-C675DA37AB0B}
	EndGlobalSection
EndGlobal
